{
  "requires": true,
  "lockfileVersion": 1,
  "dependencies": {
    "@sindresorhus/is": {
      "version": "4.2.0",
      "resolved": "https://registry.nlark.com/@sindresorhus/is/download/@sindresorhus/is-4.2.0.tgz",
      "integrity": "sha1-Znv8YYaufJ4LRaCJYMVRQ3F24co="
    },
    "@szmarczak/http-timer": {
      "version": "5.0.1",
      "resolved": "https://registry.nlark.com/@szmarczak/http-timer/download/@szmarczak/http-timer-5.0.1.tgz",
      "integrity": "sha1-x8G/EUHN1HUbA5nI/HuLZkzVvjo=",
      "requires": {
        "defer-to-connect": "^2.0.1"
      }
    },
    "@types/cacheable-request": {
      "version": "6.0.2",
      "resolved": "https://registry.npmmirror.com/@types/cacheable-request/download/@types/cacheable-request-6.0.2.tgz?cache=0&sync_timestamp=1637264500656&other_urls=https%3A%2F%2Fregistry.npmmirror.com%2F%40types%2Fcacheable-request%2Fdownload%2F%40types%2Fcacheable-request-6.0.2.tgz",
      "integrity": "sha1-wyTaAZfeCpiiMSFWU2riYkKf9rk=",
      "requires": {
        "@types/http-cache-semantics": "*",
        "@types/keyv": "*",
        "@types/node": "*",
        "@types/responselike": "*"
      }
    },
    "@types/http-cache-semantics": {
      "version": "4.0.1",
      "resolved": "https://registry.npmmirror.com/@types/http-cache-semantics/download/@types/http-cache-semantics-4.0.1.tgz?cache=0&sync_timestamp=1637265809017&other_urls=https%3A%2F%2Fregistry.npmmirror.com%2F%40types%2Fhttp-cache-semantics%2Fdownload%2F%40types%2Fhttp-cache-semantics-4.0.1.tgz",
      "integrity": "sha1-Dqe2FJaQK5WJDcTDoRa2DLja6BI="
    },
    "@types/keyv": {
      "version": "3.1.3",
      "resolved": "https://registry.npmmirror.com/@types/keyv/download/@types/keyv-3.1.3.tgz?cache=0&sync_timestamp=1637266390566&other_urls=https%3A%2F%2Fregistry.npmmirror.com%2F%40types%2Fkeyv%2Fdownload%2F%40types%2Fkeyv-3.1.3.tgz",
      "integrity": "sha1-HJquMocuwfINza7omp87qI9GXkE=",
      "requires": {
        "@types/node": "*"
      }
    },
    "@types/node": {
      "version": "17.0.5",
      "resolved": "https://registry.npmmirror.com/@types/node/download/@types/node-17.0.5.tgz",
      "integrity": "sha512-w3mrvNXLeDYV1GKTZorGJQivK6XLCoGwpnyJFbJVK/aTBQUxOCaa/GlFAAN3OTDFcb7h5tiFG+YXCO2By+riZw=="
    },
    "@types/responselike": {
      "version": "1.0.0",
      "resolved": "https://registry.npmmirror.com/@types/responselike/download/@types/responselike-1.0.0.tgz?cache=0&sync_timestamp=1637269963790&other_urls=https%3A%2F%2Fregistry.npmmirror.com%2F%40types%2Fresponselike%2Fdownload%2F%40types%2Fresponselike-1.0.0.tgz",
      "integrity": "sha1-JR9P59FU0rrRJavhtCmyOv0mLik=",
      "requires": {
        "@types/node": "*"
      }
    },
    "buffer-equal-constant-time": {
      "version": "1.0.1",
      "resolved": "https://registry.nlark.com/buffer-equal-constant-time/download/buffer-equal-constant-time-1.0.1.tgz",
      "integrity": "sha1-+OcRMvf/5uAaXJaXpMbz5I1cyBk="
    },
    "cacheable-lookup": {
      "version": "6.0.4",
      "resolved": "https://registry.npmmirror.com/cacheable-lookup/download/cacheable-lookup-6.0.4.tgz?cache=0&sync_timestamp=1634548260787&other_urls=https%3A%2F%2Fregistry.npmmirror.com%2Fcacheable-lookup%2Fdownload%2Fcacheable-lookup-6.0.4.tgz",
      "integrity": "sha1-ZcDlFyG7f58stROu1tpKG5Otfcg="
    },
    "cacheable-request": {
      "version": "7.0.2",
      "resolved": "https://registry.nlark.com/cacheable-request/download/cacheable-request-7.0.2.tgz?cache=0&sync_timestamp=1623237504263&other_urls=https%3A%2F%2Fregistry.nlark.com%2Fcacheable-request%2Fdownload%2Fcacheable-request-7.0.2.tgz",
      "integrity": "sha1-6g0LiJNkolhUdXMByhKy2nf5HSc=",
      "requires": {
        "clone-response": "^1.0.2",
        "get-stream": "^5.1.0",
        "http-cache-semantics": "^4.0.0",
        "keyv": "^4.0.0",
        "lowercase-keys": "^2.0.0",
        "normalize-url": "^6.0.1",
        "responselike": "^2.0.0"
      },
      "dependencies": {
        "get-stream": {
          "version": "5.2.0",
          "resolved": "https://registry.npm.taobao.org/get-stream/download/get-stream-5.2.0.tgz",
          "integrity": "sha1-SWaheV7lrOZecGxLe+txJX1uItM=",
          "requires": {
            "pump": "^3.0.0"
          }
        },
        "lowercase-keys": {
          "version": "2.0.0",
          "resolved": "https://registry.npmmirror.com/lowercase-keys/download/lowercase-keys-2.0.0.tgz?cache=0&sync_timestamp=1634551715073&other_urls=https%3A%2F%2Fregistry.npmmirror.com%2Flowercase-keys%2Fdownload%2Flowercase-keys-2.0.0.tgz",
          "integrity": "sha1-JgPni3tLAAbLyi+8yKMgJVislHk="
        }
      }
    },
    "clone-response": {
      "version": "1.0.2",
      "resolved": "https://registry.npm.taobao.org/clone-response/download/clone-response-1.0.2.tgz",
      "integrity": "sha1-0dyXOSAxTfZ/vrlCI7TuNQI56Ws=",
      "requires": {
        "mimic-response": "^1.0.0"
      }
    },
    "decompress-response": {
      "version": "6.0.0",
      "resolved": "https://registry.npmmirror.com/decompress-response/download/decompress-response-6.0.0.tgz",
      "integrity": "sha1-yjh2Et234QS9FthaqwDV7PCcZvw=",
      "requires": {
        "mimic-response": "^3.1.0"
      },
      "dependencies": {
        "mimic-response": {
          "version": "3.1.0",
          "resolved": "https://registry.nlark.com/mimic-response/download/mimic-response-3.1.0.tgz?cache=0&sync_timestamp=1628692524926&other_urls=https%3A%2F%2Fregistry.nlark.com%2Fmimic-response%2Fdownload%2Fmimic-response-3.1.0.tgz",
          "integrity": "sha1-LR1Zr5wbEpgVrMwsRqAipc4fo8k="
        }
      }
    },
    "defer-to-connect": {
      "version": "2.0.1",
      "resolved": "https://registry.nlark.com/defer-to-connect/download/defer-to-connect-2.0.1.tgz",
      "integrity": "sha1-gBa9tBQ+RjK3ejRJxiNid95SBYc="
    },
    "ecdsa-sig-formatter": {
      "version": "1.0.11",
      "resolved": "https://registry.npm.taobao.org/ecdsa-sig-formatter/download/ecdsa-sig-formatter-1.0.11.tgz",
      "integrity": "sha1-rg8PothQRe8UqBfao86azQSJ5b8=",
      "requires": {
        "safe-buffer": "^5.0.1"
      }
    },
    "end-of-stream": {
      "version": "1.4.4",
      "resolved": "https://registry.npm.taobao.org/end-of-stream/download/end-of-stream-1.4.4.tgz",
      "integrity": "sha1-WuZKX0UFe682JuwU2gyl5LJDHrA=",
      "requires": {
        "once": "^1.4.0"
      }
    },
    "form-data-encoder": {
      "version": "1.7.1",
      "resolved": "https://registry.npmmirror.com/form-data-encoder/download/form-data-encoder-1.7.1.tgz",
      "integrity": "sha512-EFRDrsMm/kyqbTQocNvRXMLjc7Es2Vk+IQFx/YW7hkUH1eBl4J1fqiP34l74Yt0pFLCNpc06fkbVk00008mzjg=="
    },
    "get-stream": {
      "version": "6.0.1",
      "resolved": "https://registry.npm.taobao.org/get-stream/download/get-stream-6.0.1.tgz",
      "integrity": "sha1-omLY7vZ6ztV8KFKtYWdSakPL97c="
    },
    "got": {
      "version": "12.0.0",
      "resolved": "https://registry.npmmirror.com/got/download/got-12.0.0.tgz",
      "integrity": "sha512-gNNNghQ1yw0hyzie1FLK6gY90BQlXU9zSByyRygnbomHPruKQ6hAKKbpO1RfNZp8b+qNzNipGeRG3tUelKcVsA==",
      "requires": {
        "@sindresorhus/is": "^4.2.0",
        "@szmarczak/http-timer": "^5.0.1",
        "@types/cacheable-request": "^6.0.2",
        "@types/responselike": "^1.0.0",
        "cacheable-lookup": "^6.0.4",
        "cacheable-request": "^7.0.2",
        "decompress-response": "^6.0.0",
        "form-data-encoder": "1.7.1",
        "get-stream": "^6.0.1",
        "http2-wrapper": "^2.1.9",
        "lowercase-keys": "^3.0.0",
        "p-cancelable": "^3.0.0",
        "responselike": "^2.0.0"
      }
    },
    "http-cache-semantics": {
      "version": "4.1.0",
      "resolved": "https://registry.npm.taobao.org/http-cache-semantics/download/http-cache-semantics-4.1.0.tgz",
      "integrity": "sha1-SekcXL82yblLz81xwj1SSex045A="
    },
    "http2-wrapper": {
      "version": "2.1.10",
      "resolved": "https://registry.npmmirror.com/http2-wrapper/download/http2-wrapper-2.1.10.tgz",
      "integrity": "sha512-QHgsdYkieKp+6JbXP25P+tepqiHYd+FVnDwXpxi/BlUcoIB0nsmTOymTNvETuTO+pDuwcSklPE72VR3DqV+Haw==",
      "requires": {
        "quick-lru": "^5.1.1",
        "resolve-alpn": "^1.2.0"
      }
    },
    "json-buffer": {
      "version": "3.0.1",
      "resolved": "https://registry.npm.taobao.org/json-buffer/download/json-buffer-3.0.1.tgz",
      "integrity": "sha1-kziAKjDTtmBfvgYT4JQAjKjAWhM="
    },
    "jsonwebtoken": {
      "version": "8.5.1",
      "resolved": "https://registry.npmmirror.com/jsonwebtoken/download/jsonwebtoken-8.5.1.tgz",
      "integrity": "sha512-XjwVfRS6jTMsqYs0EsuJ4LGxXV14zQybNd4L2r0UvbVnSF9Af8x7p5MzbJ90Ioz/9TI41/hTCvznF/loiSzn8w==",
      "requires": {
        "jws": "^3.2.2",
        "lodash.includes": "^4.3.0",
        "lodash.isboolean": "^3.0.3",
        "lodash.isinteger": "^4.0.4",
        "lodash.isnumber": "^3.0.3",
        "lodash.isplainobject": "^4.0.6",
        "lodash.isstring": "^4.0.1",
        "lodash.once": "^4.0.0",
        "ms": "^2.1.1",
        "semver": "^5.6.0"
      }
    },
    "jwa": {
      "version": "1.4.1",
      "resolved": "https://registry.npm.taobao.org/jwa/download/jwa-1.4.1.tgz",
      "integrity": "sha1-dDwymFy56YZVUw1TZBtmyGRbA5o=",
      "requires": {
        "buffer-equal-constant-time": "1.0.1",
        "ecdsa-sig-formatter": "1.0.11",
        "safe-buffer": "^5.0.1"
      }
    },
    "jws": {
      "version": "3.2.2",
      "resolved": "https://registry.nlark.com/jws/download/jws-3.2.2.tgz",
      "integrity": "sha1-ABCZ82OUaMlBQADpmZX6UvtHgwQ=",
      "requires": {
        "jwa": "^1.4.1",
        "safe-buffer": "^5.0.1"
      }
    },
    "keyv": {
      "version": "4.0.4",
      "resolved": "https://registry.npmmirror.com/keyv/download/keyv-4.0.4.tgz?cache=0&sync_timestamp=1635869183541&other_urls=https%3A%2F%2Fregistry.npmmirror.com%2Fkeyv%2Fdownload%2Fkeyv-4.0.4.tgz",
      "integrity": "sha1-8ECyNuorBu0V7Yb774QH4aHI43Y=",
      "requires": {
        "json-buffer": "3.0.1"
      }
    },
    "lodash.includes": {
      "version": "4.3.0",
      "resolved": "https://registry.npm.taobao.org/lodash.includes/download/lodash.includes-4.3.0.tgz",
      "integrity": "sha1-YLuYqHy5I8aMoeUTJUgzFISfVT8="
    },
    "lodash.isboolean": {
      "version": "3.0.3",
      "resolved": "https://registry.npmmirror.com/lodash.isboolean/download/lodash.isboolean-3.0.3.tgz",
      "integrity": "sha512-Bz5mupy2SVbPHURB98VAcw+aHh4vRV5IPNhILUCsOzRmsTmSQ17jIuqopAentWoehktxGd9e/hbIXq980/1QJg=="
    },
    "lodash.isinteger": {
      "version": "4.0.4",
      "resolved": "https://registry.npmmirror.com/lodash.isinteger/download/lodash.isinteger-4.0.4.tgz",
      "integrity": "sha1-YZwK89A/iwTDH1iChAt3sRzWg0M="
    },
    "lodash.isnumber": {
      "version": "3.0.3",
      "resolved": "https://registry.npm.taobao.org/lodash.isnumber/download/lodash.isnumber-3.0.3.tgz",
      "integrity": "sha1-POdoEMWSjQM1IwGsKHMX8RwLH/w="
    },
    "lodash.isplainobject": {
      "version": "4.0.6",
      "resolved": "https://registry.nlark.com/lodash.isplainobject/download/lodash.isplainobject-4.0.6.tgz",
      "integrity": "sha1-fFJqUtibRcRcxpC4gWO+BJf1UMs="
    },
    "lodash.isstring": {
      "version": "4.0.1",
      "resolved": "https://registry.npm.taobao.org/lodash.isstring/download/lodash.isstring-4.0.1.tgz",
      "integrity": "sha1-1SfftUVuynzJu5XV2ur4i6VKVFE="
    },
    "lodash.once": {
      "version": "4.1.1",
      "resolved": "https://registry.npm.taobao.org/lodash.once/download/lodash.once-4.1.1.tgz",
      "integrity": "sha1-DdOXEhPHxW34gJd9UEyI+0cal6w="
    },
    "lowercase-keys": {
      "version": "3.0.0",
      "resolved": "https://registry.npmmirror.com/lowercase-keys/download/lowercase-keys-3.0.0.tgz?cache=0&sync_timestamp=1634551715073&other_urls=https%3A%2F%2Fregistry.npmmirror.com%2Flowercase-keys%2Fdownload%2Flowercase-keys-3.0.0.tgz",
      "integrity": "sha1-xefUQuN+rSR66dsRep0KRnyJ1PI="
    },
    "mimic-response": {
      "version": "1.0.1",
      "resolved": "https://registry.nlark.com/mimic-response/download/mimic-response-1.0.1.tgz?cache=0&sync_timestamp=1628692524926&other_urls=https%3A%2F%2Fregistry.nlark.com%2Fmimic-response%2Fdownload%2Fmimic-response-1.0.1.tgz",
      "integrity": "sha1-SSNTiHju9CBjy4o+OweYeBSHqxs="
    },
    "ms": {
      "version": "2.1.3",
      "resolved": "https://registry.npmmirror.com/ms/download/ms-2.1.3.tgz",
      "integrity": "sha1-V0yBOM4dK1hh8LRFedut1gxmFbI="
    },
    "node-fetch": {
      "version": "2.6.6",
      "resolved": "https://registry.npmmirror.com/node-fetch/download/node-fetch-2.6.6.tgz",
      "integrity": "sha1-F1GnwBg06OFpd1hzLp77burfr4k=",
      "requires": {
        "whatwg-url": "^5.0.0"
      }
    },
    "normalize-url": {
      "version": "6.1.0",
      "resolved": "https://registry.nlark.com/normalize-url/download/normalize-url-6.1.0.tgz",
      "integrity": "sha1-QNCIW1Nd7/4/MUe+yHfQX+TFZoo="
    },
    "once": {
      "version": "1.4.0",
      "resolved": "https://registry.npm.taobao.org/once/download/once-1.4.0.tgz",
      "integrity": "sha1-WDsap3WWHUsROsF9nFC6753Xa9E=",
      "requires": {
        "wrappy": "1"
      }
    },
    "p-cancelable": {
      "version": "3.0.0",
      "resolved": "https://registry.nlark.com/p-cancelable/download/p-cancelable-3.0.0.tgz",
      "integrity": "sha1-Y4JmlLVNYcocIOvLbT7PXhTNgFA="
    },
    "pump": {
      "version": "3.0.0",
      "resolved": "https://registry.npm.taobao.org/pump/download/pump-3.0.0.tgz",
      "integrity": "sha1-tKIRaBW94vTh6mAjVOjHVWUQemQ=",
      "requires": {
        "end-of-stream": "^1.1.0",
        "once": "^1.3.1"
      }
    },
    "quick-lru": {
      "version": "5.1.1",
      "resolved": "https://registry.npmmirror.com/quick-lru/download/quick-lru-5.1.1.tgz?cache=0&other_urls=https%3A%2F%2Fregistry.npmmirror.com%2Fquick-lru%2Fdownload%2Fquick-lru-5.1.1.tgz",
      "integrity": "sha1-NmST5rPkKjpoheLpnRj4D7eoyTI="
    },
    "resolve-alpn": {
      "version": "1.2.1",
      "resolved": "https://registry.nlark.com/resolve-alpn/download/resolve-alpn-1.2.1.tgz?cache=0&other_urls=https%3A%2F%2Fregistry.nlark.com%2Fresolve-alpn%2Fdownload%2Fresolve-alpn-1.2.1.tgz",
      "integrity": "sha1-t629rDVGqq7CC0Xn2CZZJwcnJvk="
    },
    "responselike": {
      "version": "2.0.0",
      "resolved": "https://registry.npm.taobao.org/responselike/download/responselike-2.0.0.tgz",
      "integrity": "sha1-JjkbzDF091D5p56sxAoSpcQtdyM=",
      "requires": {
        "lowercase-keys": "^2.0.0"
      },
      "dependencies": {
        "lowercase-keys": {
          "version": "2.0.0",
          "resolved": "https://registry.npmmirror.com/lowercase-keys/download/lowercase-keys-2.0.0.tgz?cache=0&sync_timestamp=1634551715073&other_urls=https%3A%2F%2Fregistry.npmmirror.com%2Flowercase-keys%2Fdownload%2Flowercase-keys-2.0.0.tgz",
          "integrity": "sha1-JgPni3tLAAbLyi+8yKMgJVislHk="
        }
      }
    },
    "safe-buffer": {
      "version": "5.2.1",
      "resolved": "https://registry.npm.taobao.org/safe-buffer/download/safe-buffer-5.2.1.tgz?cache=0&sync_timestamp=1589682795646&other_urls=https%3A%2F%2Fregistry.npm.taobao.org%2Fsafe-buffer%2Fdownload%2Fsafe-buffer-5.2.1.tgz",
      "integrity": "sha1-Hq+fqb2x/dTsdfWPnNtOa3gn7sY="
    },
    "semver": {
      "version": "5.7.1",
      "resolved": "https://registry.nlark.com/semver/download/semver-5.7.1.tgz?cache=0&sync_timestamp=1618847119601&other_urls=https%3A%2F%2Fregistry.nlark.com%2Fsemver%2Fdownload%2Fsemver-5.7.1.tgz",
      "integrity": "sha1-qVT5Ma66UI0we78Gnv8MAclhFvc="
    },
    "tr46": {
      "version": "0.0.3",
      "resolved": "https://registry.npmmirror.com/tr46/download/tr46-0.0.3.tgz?cache=0&other_urls=https%3A%2F%2Fregistry.npmmirror.com%2Ftr46%2Fdownload%2Ftr46-0.0.3.tgz",
      "integrity": "sha1-gYT9NH2snNwYWZLzpmIuFLnZq2o="
    },
    "webidl-conversions": {
      "version": "3.0.1",
      "resolved": "https://registry.nlark.com/webidl-conversions/download/webidl-conversions-3.0.1.tgz",
      "integrity": "sha1-JFNCdeKnvGvnvIZhHMFq4KVlSHE="
    },
    "whatwg-url": {
      "version": "5.0.0",
      "resolved": "https://registry.npmmirror.com/whatwg-url/download/whatwg-url-5.0.0.tgz",
      "integrity": "sha1-lmRU6HZUYuN2RNNib2dCzotwll0=",
      "requires": {
        "tr46": "~0.0.3",
        "webidl-conversions": "^3.0.0"
      }
    },
    "wrappy": {
      "version": "1.0.2",
      "resolved": "https://registry.nlark.com/wrappy/download/wrappy-1.0.2.tgz?cache=0&sync_timestamp=1619133505879&other_urls=https%3A%2F%2Fregistry.nlark.com%2Fwrappy%2Fdownload%2Fwrappy-1.0.2.tgz",
      "integrity": "sha1-tSQ9jz7BqjXxNkYFvA0QNuMKtp8="
    }
  }
}
